// !$*UTF8*$!
{
	archiveVersion = 1;
	classes = {
	};
	objectVersion = 51;
	objects = {

/* Begin PBXBuildFile section */
		4DA8364247F20B18F0328EF2 /* Pods_Heya_HeyaUITests.framework in Frameworks */ = {isa = PBXBuildFile; fileRef = E73CC4E6B27306FC353AC30A /* Pods_Heya_HeyaUITests.framework */; };
		A0EEE4A2B615E2749C4D86CD /* Pods_HeyaTests.framework in Frameworks */ = {isa = PBXBuildFile; fileRef = 0FF449EAAF92FFD914D15B8A /* Pods_HeyaTests.framework */; };
		CA7B54D9F1DBDE81596D3BE7 /* Pods_Heya.framework in Frameworks */ = {isa = PBXBuildFile; fileRef = B617A9C1FDAF42B2EA3EB96F /* Pods_Heya.framework */; };
		D815EC7723555E3100407968 /* HistoryBO.swift in Sources */ = {isa = PBXBuildFile; fileRef = D815EC7623555E3100407968 /* HistoryBO.swift */; };
		D815EC7A23556FC900407968 /* MessageTabView.swift in Sources */ = {isa = PBXBuildFile; fileRef = D815EC7823556FC900407968 /* MessageTabView.swift */; };
		D815EC7B23556FC900407968 /* MessageTabView.xib in Resources */ = {isa = PBXBuildFile; fileRef = D815EC7923556FC900407968 /* MessageTabView.xib */; };
		D815EC7F2355700900407968 /* AllFriendsVC.swift in Sources */ = {isa = PBXBuildFile; fileRef = D815EC7D2355700900407968 /* AllFriendsVC.swift */; };
		D815EC802355700900407968 /* AllFriendsVC.xib in Resources */ = {isa = PBXBuildFile; fileRef = D815EC7E2355700900407968 /* AllFriendsVC.xib */; };
		D815EC842355D5AE00407968 /* FriendCell.swift in Sources */ = {isa = PBXBuildFile; fileRef = D815EC822355D5AE00407968 /* FriendCell.swift */; };
		D815EC852355D5AE00407968 /* FriendCell.xib in Resources */ = {isa = PBXBuildFile; fileRef = D815EC832355D5AE00407968 /* FriendCell.xib */; };
		D8286606235224FF00CBBB85 /* TAlertView.xib in Resources */ = {isa = PBXBuildFile; fileRef = D8286605235224FF00CBBB85 /* TAlertView.xib */; };
		D8292401234F417800EFBDC9 /* PostCollectionViewCell.swift in Sources */ = {isa = PBXBuildFile; fileRef = D82923FF234F417800EFBDC9 /* PostCollectionViewCell.swift */; };
		D8292402234F417800EFBDC9 /* PostCollectionViewCell.xib in Resources */ = {isa = PBXBuildFile; fileRef = D8292400234F417800EFBDC9 /* PostCollectionViewCell.xib */; };
		D8292404234F45D300EFBDC9 /* UIViewExtension.swift in Sources */ = {isa = PBXBuildFile; fileRef = D8292403234F45D300EFBDC9 /* UIViewExtension.swift */; };
		D8292406234F462400EFBDC9 /* NumbersConst.swift in Sources */ = {isa = PBXBuildFile; fileRef = D8292405234F462400EFBDC9 /* NumbersConst.swift */; };
		D850BE28234B47A800DA944D /* AppDelegate.swift in Sources */ = {isa = PBXBuildFile; fileRef = D850BE27234B47A800DA944D /* AppDelegate.swift */; };
		D850BE2A234B47A800DA944D /* SceneDelegate.swift in Sources */ = {isa = PBXBuildFile; fileRef = D850BE29234B47A800DA944D /* SceneDelegate.swift */; };
		D850BE31234B47A800DA944D /* Main.storyboard in Resources */ = {isa = PBXBuildFile; fileRef = D850BE2F234B47A800DA944D /* Main.storyboard */; };
		D850BE34234B47A800DA944D /* Heya.xcdatamodeld in Sources */ = {isa = PBXBuildFile; fileRef = D850BE32234B47A800DA944D /* Heya.xcdatamodeld */; };
		D850BE36234B47A900DA944D /* Assets.xcassets in Resources */ = {isa = PBXBuildFile; fileRef = D850BE35234B47A900DA944D /* Assets.xcassets */; };
		D850BE39234B47A900DA944D /* LaunchScreen.storyboard in Resources */ = {isa = PBXBuildFile; fileRef = D850BE37234B47A900DA944D /* LaunchScreen.storyboard */; };
		D850BE44234B47A900DA944D /* HeyaTests.swift in Sources */ = {isa = PBXBuildFile; fileRef = D850BE43234B47A900DA944D /* HeyaTests.swift */; };
		D850BE4F234B47A900DA944D /* HeyaUITests.swift in Sources */ = {isa = PBXBuildFile; fileRef = D850BE4E234B47A900DA944D /* HeyaUITests.swift */; };
		D850BE5D234B48C400DA944D /* MainTabbarVC.swift in Sources */ = {isa = PBXBuildFile; fileRef = D850BE5C234B48C400DA944D /* MainTabbarVC.swift */; };
		D850BE62234B499500DA944D /* HomeVC.swift in Sources */ = {isa = PBXBuildFile; fileRef = D850BE60234B499500DA944D /* HomeVC.swift */; };
		D850BE63234B499500DA944D /* HomeVC.xib in Resources */ = {isa = PBXBuildFile; fileRef = D850BE61234B499500DA944D /* HomeVC.xib */; };
		D850BE66234B49A200DA944D /* HistoryVC.swift in Sources */ = {isa = PBXBuildFile; fileRef = D850BE64234B49A200DA944D /* HistoryVC.swift */; };
		D850BE67234B49A200DA944D /* HistoryVC.xib in Resources */ = {isa = PBXBuildFile; fileRef = D850BE65234B49A200DA944D /* HistoryVC.xib */; };
		D850BE6E234B4B7800DA944D /* BaseTabViewController.swift in Sources */ = {isa = PBXBuildFile; fileRef = D850BE6D234B4B7800DA944D /* BaseTabViewController.swift */; };
		D855B5B1234C2923005A56D4 /* TabbarViewcontrollerExtension.swift in Sources */ = {isa = PBXBuildFile; fileRef = D855B5B0234C2923005A56D4 /* TabbarViewcontrollerExtension.swift */; };
		D855B5B5234C2A7F005A56D4 /* MessageVC.swift in Sources */ = {isa = PBXBuildFile; fileRef = D855B5B3234C2A7E005A56D4 /* MessageVC.swift */; };
		D855B5B6234C2A7F005A56D4 /* MessageVC.xib in Resources */ = {isa = PBXBuildFile; fileRef = D855B5B4234C2A7E005A56D4 /* MessageVC.xib */; };
		D855B5BA234C2A9C005A56D4 /* SettingVC.swift in Sources */ = {isa = PBXBuildFile; fileRef = D855B5B8234C2A9C005A56D4 /* SettingVC.swift */; };
		D855B5BB234C2A9C005A56D4 /* SettingVC.xib in Resources */ = {isa = PBXBuildFile; fileRef = D855B5B9234C2A9C005A56D4 /* SettingVC.xib */; };
		D855B5BD234C2D54005A56D4 /* ColorsConst.swift in Sources */ = {isa = PBXBuildFile; fileRef = D855B5BC234C2D54005A56D4 /* ColorsConst.swift */; };
		D855B5BF234C2D68005A56D4 /* StringsConst.swift in Sources */ = {isa = PBXBuildFile; fileRef = D855B5BE234C2D68005A56D4 /* StringsConst.swift */; };
		D855B5C1234C2DAE005A56D4 /* VCNameConst.swift in Sources */ = {isa = PBXBuildFile; fileRef = D855B5C0234C2DAE005A56D4 /* VCNameConst.swift */; };
		D855B5C8234C2F9B005A56D4 /* BaseViewController.swift in Sources */ = {isa = PBXBuildFile; fileRef = D855B5C7234C2F9B005A56D4 /* BaseViewController.swift */; };
		D85A50C52350125200612268 /* Images.xcassets in Resources */ = {isa = PBXBuildFile; fileRef = D85A50C42350125200612268 /* Images.xcassets */; };
		D85A50C72350127F00612268 /* PostBO.swift in Sources */ = {isa = PBXBuildFile; fileRef = D85A50C62350127F00612268 /* PostBO.swift */; };
		D85A50CA23501DD600612268 /* UserCollectionViewCell.swift in Sources */ = {isa = PBXBuildFile; fileRef = D85A50C823501DD600612268 /* UserCollectionViewCell.swift */; };
		D85A50CB23501DD600612268 /* UserCollectionViewCell.xib in Resources */ = {isa = PBXBuildFile; fileRef = D85A50C923501DD600612268 /* UserCollectionViewCell.xib */; };
		D85A50CE235065AB00612268 /* LandMarkTableViewCell.swift in Sources */ = {isa = PBXBuildFile; fileRef = D85A50CC235065AB00612268 /* LandMarkTableViewCell.swift */; };
		D85A50CF235065AB00612268 /* LandMarkTableViewCell.xib in Resources */ = {isa = PBXBuildFile; fileRef = D85A50CD235065AB00612268 /* LandMarkTableViewCell.xib */; };
		D85A50D32351B28500612268 /* LoginVC.swift in Sources */ = {isa = PBXBuildFile; fileRef = D85A50D12351B28500612268 /* LoginVC.swift */; };
		D85A50D42351B28500612268 /* LoginVC.xib in Resources */ = {isa = PBXBuildFile; fileRef = D85A50D22351B28500612268 /* LoginVC.xib */; };
		D85A50D72351B5E700612268 /* SignInVC.swift in Sources */ = {isa = PBXBuildFile; fileRef = D85A50D52351B5E700612268 /* SignInVC.swift */; };
		D85A50D82351B5E700612268 /* SignInVC.xib in Resources */ = {isa = PBXBuildFile; fileRef = D85A50D62351B5E700612268 /* SignInVC.xib */; };
		D85A50DB2351B60200612268 /* SignUpVC.swift in Sources */ = {isa = PBXBuildFile; fileRef = D85A50D92351B60100612268 /* SignUpVC.swift */; };
		D85A50DC2351B60200612268 /* SignUpVC.xib in Resources */ = {isa = PBXBuildFile; fileRef = D85A50DA2351B60200612268 /* SignUpVC.xib */; };
		D85A50E22351CFA400612268 /* LoadingView.swift in Sources */ = {isa = PBXBuildFile; fileRef = D85A50E12351CFA400612268 /* LoadingView.swift */; };
		D85A50E42351CFD100612268 /* LoadingView.xib in Resources */ = {isa = PBXBuildFile; fileRef = D85A50E32351CFD100612268 /* LoadingView.xib */; };
		D8D9866D2351E24E007EA59A /* 142-loading-animation.json in Resources */ = {isa = PBXBuildFile; fileRef = D8D9866C2351E24E007EA59A /* 142-loading-animation.json */; };
		D8D9866F2351E75F007EA59A /* 1301-round-cap-material-loading.json in Resources */ = {isa = PBXBuildFile; fileRef = D8D9866E2351E75E007EA59A /* 1301-round-cap-material-loading.json */; };
		D8D986712351E805007EA59A /* lf30_editor_p7nm7J.json in Resources */ = {isa = PBXBuildFile; fileRef = D8D986702351E805007EA59A /* lf30_editor_p7nm7J.json */; };
		D8D986732351E8E8007EA59A /* AppUtils.swift in Sources */ = {isa = PBXBuildFile; fileRef = D8D986722351E8E8007EA59A /* AppUtils.swift */; };
		D8D986752351F1F7007EA59A /* StringExtension.swift in Sources */ = {isa = PBXBuildFile; fileRef = D8D986742351F1F7007EA59A /* StringExtension.swift */; };
		D8EB84EB23545C2400332169 /* LandMarkHeader.swift in Sources */ = {isa = PBXBuildFile; fileRef = D8EB84EA23545C2400332169 /* LandMarkHeader.swift */; };
		D8EB84ED23545C7E00332169 /* LandMarkHeader.xib in Resources */ = {isa = PBXBuildFile; fileRef = D8EB84EC23545C7E00332169 /* LandMarkHeader.xib */; };
		D8EB84EF2354629E00332169 /* TAlertView.swift in Sources */ = {isa = PBXBuildFile; fileRef = D8EB84EE2354629E00332169 /* TAlertView.swift */; };
		D8EB84F3235485A400332169 /* HistoryTableViewCell.swift in Sources */ = {isa = PBXBuildFile; fileRef = D8EB84F1235485A400332169 /* HistoryTableViewCell.swift */; };
		D8EB84F4235485A400332169 /* HistoryTableViewCell.xib in Resources */ = {isa = PBXBuildFile; fileRef = D8EB84F2235485A400332169 /* HistoryTableViewCell.xib */; };
/* End PBXBuildFile section */

/* Begin PBXContainerItemProxy section */
		D850BE40234B47A900DA944D /* PBXContainerItemProxy */ = {
			isa = PBXContainerItemProxy;
			containerPortal = D850BE1C234B47A800DA944D /* Project object */;
			proxyType = 1;
			remoteGlobalIDString = D850BE23234B47A800DA944D;
			remoteInfo = Heya;
		};
		D850BE4B234B47A900DA944D /* PBXContainerItemProxy */ = {
			isa = PBXContainerItemProxy;
			containerPortal = D850BE1C234B47A800DA944D /* Project object */;
			proxyType = 1;
			remoteGlobalIDString = D850BE23234B47A800DA944D;
			remoteInfo = Heya;
		};
/* End PBXContainerItemProxy section */

/* Begin PBXFileReference section */
		0815433847FECBBABFE737FC /* Pods-HeyaTests.release.xcconfig */ = {isa = PBXFileReference; includeInIndex = 1; lastKnownFileType = text.xcconfig; name = "Pods-HeyaTests.release.xcconfig"; path = "Target Support Files/Pods-HeyaTests/Pods-HeyaTests.release.xcconfig"; sourceTree = "<group>"; };
		0FF449EAAF92FFD914D15B8A /* Pods_HeyaTests.framework */ = {isa = PBXFileReference; explicitFileType = wrapper.framework; includeInIndex = 0; path = Pods_HeyaTests.framework; sourceTree = BUILT_PRODUCTS_DIR; };
		6C9E0EDDB333DFCE181B26EE /* Pods-HeyaTests.debug.xcconfig */ = {isa = PBXFileReference; includeInIndex = 1; lastKnownFileType = text.xcconfig; name = "Pods-HeyaTests.debug.xcconfig"; path = "Target Support Files/Pods-HeyaTests/Pods-HeyaTests.debug.xcconfig"; sourceTree = "<group>"; };
		79DAD9F0AE6213AC0A6881CB /* Pods-Heya-HeyaUITests.release.xcconfig */ = {isa = PBXFileReference; includeInIndex = 1; lastKnownFileType = text.xcconfig; name = "Pods-Heya-HeyaUITests.release.xcconfig"; path = "Target Support Files/Pods-Heya-HeyaUITests/Pods-Heya-HeyaUITests.release.xcconfig"; sourceTree = "<group>"; };
		8DC4671CAB4591BB1599F8B3 /* Pods-Heya-HeyaUITests.debug.xcconfig */ = {isa = PBXFileReference; includeInIndex = 1; lastKnownFileType = text.xcconfig; name = "Pods-Heya-HeyaUITests.debug.xcconfig"; path = "Target Support Files/Pods-Heya-HeyaUITests/Pods-Heya-HeyaUITests.debug.xcconfig"; sourceTree = "<group>"; };
		B267792E7A2D6C195F03D567 /* Pods-Heya.debug.xcconfig */ = {isa = PBXFileReference; includeInIndex = 1; lastKnownFileType = text.xcconfig; name = "Pods-Heya.debug.xcconfig"; path = "Target Support Files/Pods-Heya/Pods-Heya.debug.xcconfig"; sourceTree = "<group>"; };
		B617A9C1FDAF42B2EA3EB96F /* Pods_Heya.framework */ = {isa = PBXFileReference; explicitFileType = wrapper.framework; includeInIndex = 0; path = Pods_Heya.framework; sourceTree = BUILT_PRODUCTS_DIR; };
		D2E3F8A38C45A525820355A6 /* Pods-Heya.release.xcconfig */ = {isa = PBXFileReference; includeInIndex = 1; lastKnownFileType = text.xcconfig; name = "Pods-Heya.release.xcconfig"; path = "Target Support Files/Pods-Heya/Pods-Heya.release.xcconfig"; sourceTree = "<group>"; };
		D815EC7623555E3100407968 /* HistoryBO.swift */ = {isa = PBXFileReference; lastKnownFileType = sourcecode.swift; path = HistoryBO.swift; sourceTree = "<group>"; };
		D815EC7823556FC900407968 /* MessageTabView.swift */ = {isa = PBXFileReference; lastKnownFileType = sourcecode.swift; path = MessageTabView.swift; sourceTree = "<group>"; };
		D815EC7923556FC900407968 /* MessageTabView.xib */ = {isa = PBXFileReference; lastKnownFileType = file.xib; path = MessageTabView.xib; sourceTree = "<group>"; };
		D815EC7D2355700900407968 /* AllFriendsVC.swift */ = {isa = PBXFileReference; lastKnownFileType = sourcecode.swift; path = AllFriendsVC.swift; sourceTree = "<group>"; };
		D815EC7E2355700900407968 /* AllFriendsVC.xib */ = {isa = PBXFileReference; lastKnownFileType = file.xib; path = AllFriendsVC.xib; sourceTree = "<group>"; };
		D815EC822355D5AE00407968 /* FriendCell.swift */ = {isa = PBXFileReference; lastKnownFileType = sourcecode.swift; path = FriendCell.swift; sourceTree = "<group>"; };
		D815EC832355D5AE00407968 /* FriendCell.xib */ = {isa = PBXFileReference; lastKnownFileType = file.xib; path = FriendCell.xib; sourceTree = "<group>"; };
		D8286605235224FF00CBBB85 /* TAlertView.xib */ = {isa = PBXFileReference; lastKnownFileType = file.xib; path = TAlertView.xib; sourceTree = "<group>"; };
		D82923FF234F417800EFBDC9 /* PostCollectionViewCell.swift */ = {isa = PBXFileReference; lastKnownFileType = sourcecode.swift; path = PostCollectionViewCell.swift; sourceTree = "<group>"; };
		D8292400234F417800EFBDC9 /* PostCollectionViewCell.xib */ = {isa = PBXFileReference; lastKnownFileType = file.xib; path = PostCollectionViewCell.xib; sourceTree = "<group>"; };
		D8292403234F45D300EFBDC9 /* UIViewExtension.swift */ = {isa = PBXFileReference; lastKnownFileType = sourcecode.swift; path = UIViewExtension.swift; sourceTree = "<group>"; };
		D8292405234F462400EFBDC9 /* NumbersConst.swift */ = {isa = PBXFileReference; lastKnownFileType = sourcecode.swift; path = NumbersConst.swift; sourceTree = "<group>"; };
		D850BE24234B47A800DA944D /* Heya.app */ = {isa = PBXFileReference; explicitFileType = wrapper.application; includeInIndex = 0; path = Heya.app; sourceTree = BUILT_PRODUCTS_DIR; };
		D850BE27234B47A800DA944D /* AppDelegate.swift */ = {isa = PBXFileReference; lastKnownFileType = sourcecode.swift; path = AppDelegate.swift; sourceTree = "<group>"; };
		D850BE29234B47A800DA944D /* SceneDelegate.swift */ = {isa = PBXFileReference; lastKnownFileType = sourcecode.swift; path = SceneDelegate.swift; sourceTree = "<group>"; };
		D850BE30234B47A800DA944D /* Base */ = {isa = PBXFileReference; lastKnownFileType = file.storyboard; name = Base; path = Base.lproj/Main.storyboard; sourceTree = "<group>"; };
		D850BE33234B47A800DA944D /* Heya.xcdatamodel */ = {isa = PBXFileReference; lastKnownFileType = wrapper.xcdatamodel; path = Heya.xcdatamodel; sourceTree = "<group>"; };
		D850BE35234B47A900DA944D /* Assets.xcassets */ = {isa = PBXFileReference; lastKnownFileType = folder.assetcatalog; path = Assets.xcassets; sourceTree = "<group>"; };
		D850BE38234B47A900DA944D /* Base */ = {isa = PBXFileReference; lastKnownFileType = file.storyboard; name = Base; path = Base.lproj/LaunchScreen.storyboard; sourceTree = "<group>"; };
		D850BE3A234B47A900DA944D /* Info.plist */ = {isa = PBXFileReference; lastKnownFileType = text.plist.xml; path = Info.plist; sourceTree = "<group>"; };
		D850BE3F234B47A900DA944D /* HeyaTests.xctest */ = {isa = PBXFileReference; explicitFileType = wrapper.cfbundle; includeInIndex = 0; path = HeyaTests.xctest; sourceTree = BUILT_PRODUCTS_DIR; };
		D850BE43234B47A900DA944D /* HeyaTests.swift */ = {isa = PBXFileReference; lastKnownFileType = sourcecode.swift; path = HeyaTests.swift; sourceTree = "<group>"; };
		D850BE45234B47A900DA944D /* Info.plist */ = {isa = PBXFileReference; lastKnownFileType = text.plist.xml; path = Info.plist; sourceTree = "<group>"; };
		D850BE4A234B47A900DA944D /* HeyaUITests.xctest */ = {isa = PBXFileReference; explicitFileType = wrapper.cfbundle; includeInIndex = 0; path = HeyaUITests.xctest; sourceTree = BUILT_PRODUCTS_DIR; };
		D850BE4E234B47A900DA944D /* HeyaUITests.swift */ = {isa = PBXFileReference; lastKnownFileType = sourcecode.swift; path = HeyaUITests.swift; sourceTree = "<group>"; };
		D850BE50234B47A900DA944D /* Info.plist */ = {isa = PBXFileReference; lastKnownFileType = text.plist.xml; path = Info.plist; sourceTree = "<group>"; };
		D850BE5C234B48C400DA944D /* MainTabbarVC.swift */ = {isa = PBXFileReference; lastKnownFileType = sourcecode.swift; path = MainTabbarVC.swift; sourceTree = "<group>"; };
		D850BE60234B499500DA944D /* HomeVC.swift */ = {isa = PBXFileReference; lastKnownFileType = sourcecode.swift; path = HomeVC.swift; sourceTree = "<group>"; };
		D850BE61234B499500DA944D /* HomeVC.xib */ = {isa = PBXFileReference; lastKnownFileType = file.xib; path = HomeVC.xib; sourceTree = "<group>"; };
		D850BE64234B49A200DA944D /* HistoryVC.swift */ = {isa = PBXFileReference; lastKnownFileType = sourcecode.swift; path = HistoryVC.swift; sourceTree = "<group>"; };
		D850BE65234B49A200DA944D /* HistoryVC.xib */ = {isa = PBXFileReference; lastKnownFileType = file.xib; path = HistoryVC.xib; sourceTree = "<group>"; };
		D850BE6D234B4B7800DA944D /* BaseTabViewController.swift */ = {isa = PBXFileReference; lastKnownFileType = sourcecode.swift; path = BaseTabViewController.swift; sourceTree = "<group>"; };
		D855B5B0234C2923005A56D4 /* TabbarViewcontrollerExtension.swift */ = {isa = PBXFileReference; lastKnownFileType = sourcecode.swift; path = TabbarViewcontrollerExtension.swift; sourceTree = "<group>"; };
		D855B5B3234C2A7E005A56D4 /* MessageVC.swift */ = {isa = PBXFileReference; lastKnownFileType = sourcecode.swift; path = MessageVC.swift; sourceTree = "<group>"; };
		D855B5B4234C2A7E005A56D4 /* MessageVC.xib */ = {isa = PBXFileReference; lastKnownFileType = file.xib; path = MessageVC.xib; sourceTree = "<group>"; };
		D855B5B8234C2A9C005A56D4 /* SettingVC.swift */ = {isa = PBXFileReference; lastKnownFileType = sourcecode.swift; path = SettingVC.swift; sourceTree = "<group>"; };
		D855B5B9234C2A9C005A56D4 /* SettingVC.xib */ = {isa = PBXFileReference; lastKnownFileType = file.xib; path = SettingVC.xib; sourceTree = "<group>"; };
		D855B5BC234C2D54005A56D4 /* ColorsConst.swift */ = {isa = PBXFileReference; lastKnownFileType = sourcecode.swift; path = ColorsConst.swift; sourceTree = "<group>"; };
		D855B5BE234C2D68005A56D4 /* StringsConst.swift */ = {isa = PBXFileReference; lastKnownFileType = sourcecode.swift; path = StringsConst.swift; sourceTree = "<group>"; };
		D855B5C0234C2DAE005A56D4 /* VCNameConst.swift */ = {isa = PBXFileReference; lastKnownFileType = sourcecode.swift; path = VCNameConst.swift; sourceTree = "<group>"; };
		D855B5C7234C2F9B005A56D4 /* BaseViewController.swift */ = {isa = PBXFileReference; lastKnownFileType = sourcecode.swift; path = BaseViewController.swift; sourceTree = "<group>"; };
		D85A50C42350125200612268 /* Images.xcassets */ = {isa = PBXFileReference; lastKnownFileType = folder.assetcatalog; path = Images.xcassets; sourceTree = "<group>"; };
		D85A50C62350127F00612268 /* PostBO.swift */ = {isa = PBXFileReference; lastKnownFileType = sourcecode.swift; path = PostBO.swift; sourceTree = "<group>"; };
		D85A50C823501DD600612268 /* UserCollectionViewCell.swift */ = {isa = PBXFileReference; lastKnownFileType = sourcecode.swift; path = UserCollectionViewCell.swift; sourceTree = "<group>"; };
		D85A50C923501DD600612268 /* UserCollectionViewCell.xib */ = {isa = PBXFileReference; lastKnownFileType = file.xib; path = UserCollectionViewCell.xib; sourceTree = "<group>"; };
		D85A50CC235065AB00612268 /* LandMarkTableViewCell.swift */ = {isa = PBXFileReference; lastKnownFileType = sourcecode.swift; path = LandMarkTableViewCell.swift; sourceTree = "<group>"; };
		D85A50CD235065AB00612268 /* LandMarkTableViewCell.xib */ = {isa = PBXFileReference; lastKnownFileType = file.xib; path = LandMarkTableViewCell.xib; sourceTree = "<group>"; };
		D85A50D12351B28500612268 /* LoginVC.swift */ = {isa = PBXFileReference; lastKnownFileType = sourcecode.swift; path = LoginVC.swift; sourceTree = "<group>"; };
		D85A50D22351B28500612268 /* LoginVC.xib */ = {isa = PBXFileReference; lastKnownFileType = file.xib; path = LoginVC.xib; sourceTree = "<group>"; };
		D85A50D52351B5E700612268 /* SignInVC.swift */ = {isa = PBXFileReference; lastKnownFileType = sourcecode.swift; path = SignInVC.swift; sourceTree = "<group>"; };
		D85A50D62351B5E700612268 /* SignInVC.xib */ = {isa = PBXFileReference; lastKnownFileType = file.xib; path = SignInVC.xib; sourceTree = "<group>"; };
		D85A50D92351B60100612268 /* SignUpVC.swift */ = {isa = PBXFileReference; lastKnownFileType = sourcecode.swift; path = SignUpVC.swift; sourceTree = "<group>"; };
		D85A50DA2351B60200612268 /* SignUpVC.xib */ = {isa = PBXFileReference; lastKnownFileType = file.xib; path = SignUpVC.xib; sourceTree = "<group>"; };
		D85A50E12351CFA400612268 /* LoadingView.swift */ = {isa = PBXFileReference; lastKnownFileType = sourcecode.swift; path = LoadingView.swift; sourceTree = "<group>"; };
		D85A50E32351CFD100612268 /* LoadingView.xib */ = {isa = PBXFileReference; lastKnownFileType = file.xib; path = LoadingView.xib; sourceTree = "<group>"; };
		D8D9866C2351E24E007EA59A /* 142-loading-animation.json */ = {isa = PBXFileReference; fileEncoding = 4; lastKnownFileType = text.json; path = "142-loading-animation.json"; sourceTree = "<group>"; };
		D8D9866E2351E75E007EA59A /* 1301-round-cap-material-loading.json */ = {isa = PBXFileReference; fileEncoding = 4; lastKnownFileType = text.json; path = "1301-round-cap-material-loading.json"; sourceTree = "<group>"; };
		D8D986702351E805007EA59A /* lf30_editor_p7nm7J.json */ = {isa = PBXFileReference; fileEncoding = 4; lastKnownFileType = text.json; path = lf30_editor_p7nm7J.json; sourceTree = "<group>"; };
		D8D986722351E8E8007EA59A /* AppUtils.swift */ = {isa = PBXFileReference; lastKnownFileType = sourcecode.swift; path = AppUtils.swift; sourceTree = "<group>"; };
		D8D986742351F1F7007EA59A /* StringExtension.swift */ = {isa = PBXFileReference; lastKnownFileType = sourcecode.swift; path = StringExtension.swift; sourceTree = "<group>"; };
		D8EB84EA23545C2400332169 /* LandMarkHeader.swift */ = {isa = PBXFileReference; lastKnownFileType = sourcecode.swift; path = LandMarkHeader.swift; sourceTree = "<group>"; };
		D8EB84EC23545C7E00332169 /* LandMarkHeader.xib */ = {isa = PBXFileReference; lastKnownFileType = file.xib; path = LandMarkHeader.xib; sourceTree = "<group>"; };
		D8EB84EE2354629E00332169 /* TAlertView.swift */ = {isa = PBXFileReference; lastKnownFileType = sourcecode.swift; path = TAlertView.swift; sourceTree = "<group>"; };
		D8EB84F1235485A400332169 /* HistoryTableViewCell.swift */ = {isa = PBXFileReference; lastKnownFileType = sourcecode.swift; path = HistoryTableViewCell.swift; sourceTree = "<group>"; };
		D8EB84F2235485A400332169 /* HistoryTableViewCell.xib */ = {isa = PBXFileReference; lastKnownFileType = file.xib; path = HistoryTableViewCell.xib; sourceTree = "<group>"; };
		E73CC4E6B27306FC353AC30A /* Pods_Heya_HeyaUITests.framework */ = {isa = PBXFileReference; explicitFileType = wrapper.framework; includeInIndex = 0; path = Pods_Heya_HeyaUITests.framework; sourceTree = BUILT_PRODUCTS_DIR; };
/* End PBXFileReference section */

/* Begin PBXFrameworksBuildPhase section */
		D850BE21234B47A800DA944D /* Frameworks */ = {
			isa = PBXFrameworksBuildPhase;
			buildActionMask = 2147483647;
			files = (
				CA7B54D9F1DBDE81596D3BE7 /* Pods_Heya.framework in Frameworks */,
			);
			runOnlyForDeploymentPostprocessing = 0;
		};
		D850BE3C234B47A900DA944D /* Frameworks */ = {
			isa = PBXFrameworksBuildPhase;
			buildActionMask = 2147483647;
			files = (
				A0EEE4A2B615E2749C4D86CD /* Pods_HeyaTests.framework in Frameworks */,
			);
			runOnlyForDeploymentPostprocessing = 0;
		};
		D850BE47234B47A900DA944D /* Frameworks */ = {
			isa = PBXFrameworksBuildPhase;
			buildActionMask = 2147483647;
			files = (
				4DA8364247F20B18F0328EF2 /* Pods_Heya_HeyaUITests.framework in Frameworks */,
			);
			runOnlyForDeploymentPostprocessing = 0;
		};
/* End PBXFrameworksBuildPhase section */

/* Begin PBXGroup section */
		7E9168534903CB4BECA895F3 /* Pods */ = {
			isa = PBXGroup;
			children = (
				B267792E7A2D6C195F03D567 /* Pods-Heya.debug.xcconfig */,
				D2E3F8A38C45A525820355A6 /* Pods-Heya.release.xcconfig */,
				8DC4671CAB4591BB1599F8B3 /* Pods-Heya-HeyaUITests.debug.xcconfig */,
				79DAD9F0AE6213AC0A6881CB /* Pods-Heya-HeyaUITests.release.xcconfig */,
				6C9E0EDDB333DFCE181B26EE /* Pods-HeyaTests.debug.xcconfig */,
				0815433847FECBBABFE737FC /* Pods-HeyaTests.release.xcconfig */,
			);
			path = Pods;
			sourceTree = "<group>";
		};
		89CED8846C62B79E9603E587 /* Frameworks */ = {
			isa = PBXGroup;
			children = (
				B617A9C1FDAF42B2EA3EB96F /* Pods_Heya.framework */,
				E73CC4E6B27306FC353AC30A /* Pods_Heya_HeyaUITests.framework */,
				0FF449EAAF92FFD914D15B8A /* Pods_HeyaTests.framework */,
			);
			name = Frameworks;
			sourceTree = "<group>";
		};
		D815EC812355D59300407968 /* Elements */ = {
			isa = PBXGroup;
			children = (
				D815EC822355D5AE00407968 /* FriendCell.swift */,
				D815EC832355D5AE00407968 /* FriendCell.xib */,
			);
			path = Elements;
			sourceTree = "<group>";
		};
		D82923FE234F415100EFBDC9 /* Elements */ = {
			isa = PBXGroup;
			children = (
				D82923FF234F417800EFBDC9 /* PostCollectionViewCell.swift */,
				D8292400234F417800EFBDC9 /* PostCollectionViewCell.xib */,
				D85A50C823501DD600612268 /* UserCollectionViewCell.swift */,
				D85A50C923501DD600612268 /* UserCollectionViewCell.xib */,
				D85A50CC235065AB00612268 /* LandMarkTableViewCell.swift */,
				D85A50CD235065AB00612268 /* LandMarkTableViewCell.xib */,
				D8EB84EA23545C2400332169 /* LandMarkHeader.swift */,
				D8EB84EC23545C7E00332169 /* LandMarkHeader.xib */,
			);
			path = Elements;
			sourceTree = "<group>";
		};
		D850BE1B234B47A800DA944D = {
			isa = PBXGroup;
			children = (
				D850BE26234B47A800DA944D /* Heya */,
				D850BE42234B47A900DA944D /* HeyaTests */,
				D850BE4D234B47A900DA944D /* HeyaUITests */,
				D850BE25234B47A800DA944D /* Products */,
				7E9168534903CB4BECA895F3 /* Pods */,
				89CED8846C62B79E9603E587 /* Frameworks */,
			);
			sourceTree = "<group>";
		};
		D850BE25234B47A800DA944D /* Products */ = {
			isa = PBXGroup;
			children = (
				D850BE24234B47A800DA944D /* Heya.app */,
				D850BE3F234B47A900DA944D /* HeyaTests.xctest */,
				D850BE4A234B47A900DA944D /* HeyaUITests.xctest */,
			);
			name = Products;
			sourceTree = "<group>";
		};
		D850BE26234B47A800DA944D /* Heya */ = {
			isa = PBXGroup;
			children = (
				D855B5C6234C2F1F005A56D4 /* ViewModels */,
				D855B5C5234C2F19005A56D4 /* Models */,
				D850BE6C234B4A5C00DA944D /* ViewControllers */,
				D855B5AF234C2908005A56D4 /* Extensions */,
				D850BE69234B4A1900DA944D /* Commons */,
				D850BE6B234B4A4B00DA944D /* Assests */,
				D850BE6A234B4A2100DA944D /* DefaultFiles */,
				D850BE3A234B47A900DA944D /* Info.plist */,
			);
			path = Heya;
			sourceTree = "<group>";
		};
		D850BE42234B47A900DA944D /* HeyaTests */ = {
			isa = PBXGroup;
			children = (
				D850BE43234B47A900DA944D /* HeyaTests.swift */,
				D850BE45234B47A900DA944D /* Info.plist */,
			);
			path = HeyaTests;
			sourceTree = "<group>";
		};
		D850BE4D234B47A900DA944D /* HeyaUITests */ = {
			isa = PBXGroup;
			children = (
				D850BE4E234B47A900DA944D /* HeyaUITests.swift */,
				D850BE50234B47A900DA944D /* Info.plist */,
			);
			path = HeyaUITests;
			sourceTree = "<group>";
		};
		D850BE5E234B497700DA944D /* HomeVC */ = {
			isa = PBXGroup;
			children = (
				D82923FE234F415100EFBDC9 /* Elements */,
				D850BE60234B499500DA944D /* HomeVC.swift */,
				D850BE61234B499500DA944D /* HomeVC.xib */,
			);
			path = HomeVC;
			sourceTree = "<group>";
		};
		D850BE5F234B497C00DA944D /* HistoryVC */ = {
			isa = PBXGroup;
			children = (
				D8EB84F0235484ED00332169 /* Elements */,
				D850BE64234B49A200DA944D /* HistoryVC.swift */,
				D850BE65234B49A200DA944D /* HistoryVC.xib */,
			);
			path = HistoryVC;
			sourceTree = "<group>";
		};
		D850BE68234B49EF00DA944D /* MainTabbar */ = {
			isa = PBXGroup;
			children = (
				D850BE2F234B47A800DA944D /* Main.storyboard */,
				D850BE5C234B48C400DA944D /* MainTabbarVC.swift */,
			);
			path = MainTabbar;
			sourceTree = "<group>";
		};
		D850BE69234B4A1900DA944D /* Commons */ = {
			isa = PBXGroup;
			children = (
				D85A50E02351CF7B00612268 /* Views */,
				D855B5C4234C2ED2005A56D4 /* ViewControllers */,
				D855B5C2234C2EBA005A56D4 /* Constants */,
				D8D986722351E8E8007EA59A /* AppUtils.swift */,
			);
			path = Commons;
			sourceTree = "<group>";
		};
		D850BE6A234B4A2100DA944D /* DefaultFiles */ = {
			isa = PBXGroup;
			children = (
				D850BE27234B47A800DA944D /* AppDelegate.swift */,
				D850BE29234B47A800DA944D /* SceneDelegate.swift */,
				D850BE37234B47A900DA944D /* LaunchScreen.storyboard */,
				D850BE32234B47A800DA944D /* Heya.xcdatamodeld */,
			);
			path = DefaultFiles;
			sourceTree = "<group>";
		};
		D850BE6B234B4A4B00DA944D /* Assests */ = {
			isa = PBXGroup;
			children = (
				D85A50DD2351CF5500612268 /* LottieAnimations */,
				D850BE35234B47A900DA944D /* Assets.xcassets */,
				D85A50C42350125200612268 /* Images.xcassets */,
			);
			path = Assests;
			sourceTree = "<group>";
		};
		D850BE6C234B4A5C00DA944D /* ViewControllers */ = {
			isa = PBXGroup;
			children = (
				D85A50D02351B22E00612268 /* LoginVC */,
				D850BE68234B49EF00DA944D /* MainTabbar */,
				D850BE5E234B497700DA944D /* HomeVC */,
				D850BE5F234B497C00DA944D /* HistoryVC */,
				D855B5B2234C2A50005A56D4 /* MessageVC */,
				D855B5B7234C2A85005A56D4 /* SettingVC */,
			);
			path = ViewControllers;
			sourceTree = "<group>";
		};
		D855B5AF234C2908005A56D4 /* Extensions */ = {
			isa = PBXGroup;
			children = (
				D855B5B0234C2923005A56D4 /* TabbarViewcontrollerExtension.swift */,
				D8292403234F45D300EFBDC9 /* UIViewExtension.swift */,
				D8D986742351F1F7007EA59A /* StringExtension.swift */,
			);
			path = Extensions;
			sourceTree = "<group>";
		};
		D855B5B2234C2A50005A56D4 /* MessageVC */ = {
			isa = PBXGroup;
			children = (
				D815EC812355D59300407968 /* Elements */,
				D855B5B3234C2A7E005A56D4 /* MessageVC.swift */,
				D855B5B4234C2A7E005A56D4 /* MessageVC.xib */,
				D815EC7823556FC900407968 /* MessageTabView.swift */,
				D815EC7923556FC900407968 /* MessageTabView.xib */,
				D815EC7D2355700900407968 /* AllFriendsVC.swift */,
				D815EC7E2355700900407968 /* AllFriendsVC.xib */,
			);
			path = MessageVC;
			sourceTree = "<group>";
		};
		D855B5B7234C2A85005A56D4 /* SettingVC */ = {
			isa = PBXGroup;
			children = (
				D855B5B8234C2A9C005A56D4 /* SettingVC.swift */,
				D855B5B9234C2A9C005A56D4 /* SettingVC.xib */,
			);
			path = SettingVC;
			sourceTree = "<group>";
		};
		D855B5C2234C2EBA005A56D4 /* Constants */ = {
			isa = PBXGroup;
			children = (
				D855B5BC234C2D54005A56D4 /* ColorsConst.swift */,
				D855B5BE234C2D68005A56D4 /* StringsConst.swift */,
				D855B5C0234C2DAE005A56D4 /* VCNameConst.swift */,
				D8292405234F462400EFBDC9 /* NumbersConst.swift */,
			);
			path = Constants;
			sourceTree = "<group>";
		};
		D855B5C4234C2ED2005A56D4 /* ViewControllers */ = {
			isa = PBXGroup;
			children = (
				D850BE6D234B4B7800DA944D /* BaseTabViewController.swift */,
				D855B5C7234C2F9B005A56D4 /* BaseViewController.swift */,
			);
			path = ViewControllers;
			sourceTree = "<group>";
		};
		D855B5C5234C2F19005A56D4 /* Models */ = {
			isa = PBXGroup;
			children = (
				D85A50C62350127F00612268 /* PostBO.swift */,
				D815EC7623555E3100407968 /* HistoryBO.swift */,
			);
			path = Models;
			sourceTree = "<group>";
		};
		D855B5C6234C2F1F005A56D4 /* ViewModels */ = {
			isa = PBXGroup;
			children = (
			);
			path = ViewModels;
			sourceTree = "<group>";
		};
		D85A50D02351B22E00612268 /* LoginVC */ = {
			isa = PBXGroup;
			children = (
				D85A50D12351B28500612268 /* LoginVC.swift */,
				D85A50D22351B28500612268 /* LoginVC.xib */,
				D85A50D52351B5E700612268 /* SignInVC.swift */,
				D85A50D62351B5E700612268 /* SignInVC.xib */,
				D85A50D92351B60100612268 /* SignUpVC.swift */,
				D85A50DA2351B60200612268 /* SignUpVC.xib */,
			);
			path = LoginVC;
			sourceTree = "<group>";
		};
		D85A50DD2351CF5500612268 /* LottieAnimations */ = {
			isa = PBXGroup;
			children = (
				D8D986702351E805007EA59A /* lf30_editor_p7nm7J.json */,
				D8D9866E2351E75E007EA59A /* 1301-round-cap-material-loading.json */,
				D8D9866C2351E24E007EA59A /* 142-loading-animation.json */,
			);
			path = LottieAnimations;
			sourceTree = "<group>";
		};
		D85A50E02351CF7B00612268 /* Views */ = {
			isa = PBXGroup;
			children = (
				D85A50E12351CFA400612268 /* LoadingView.swift */,
				D85A50E32351CFD100612268 /* LoadingView.xib */,
				D8286605235224FF00CBBB85 /* TAlertView.xib */,
				D8EB84EE2354629E00332169 /* TAlertView.swift */,
			);
			path = Views;
			sourceTree = "<group>";
		};
		D8EB84F0235484ED00332169 /* Elements */ = {
			isa = PBXGroup;
			children = (
				D8EB84F1235485A400332169 /* HistoryTableViewCell.swift */,
				D8EB84F2235485A400332169 /* HistoryTableViewCell.xib */,
			);
			path = Elements;
			sourceTree = "<group>";
		};
/* End PBXGroup section */

/* Begin PBXNativeTarget section */
		D850BE23234B47A800DA944D /* Heya */ = {
			isa = PBXNativeTarget;
			buildConfigurationList = D850BE53234B47A900DA944D /* Build configuration list for PBXNativeTarget "Heya" */;
			buildPhases = (
				28F86231D34D1C047D1094FA /* [CP] Check Pods Manifest.lock */,
				D850BE20234B47A800DA944D /* Sources */,
				D850BE21234B47A800DA944D /* Frameworks */,
				D850BE22234B47A800DA944D /* Resources */,
				BB63C2C3A160FA1317B2B985 /* [CP] Embed Pods Frameworks */,
			);
			buildRules = (
			);
			dependencies = (
			);
			name = Heya;
			productName = Heya;
			productReference = D850BE24234B47A800DA944D /* Heya.app */;
			productType = "com.apple.product-type.application";
		};
		D850BE3E234B47A900DA944D /* HeyaTests */ = {
			isa = PBXNativeTarget;
			buildConfigurationList = D850BE56234B47A900DA944D /* Build configuration list for PBXNativeTarget "HeyaTests" */;
			buildPhases = (
				959FA94E26331A7C41D8590A /* [CP] Check Pods Manifest.lock */,
				D850BE3B234B47A900DA944D /* Sources */,
				D850BE3C234B47A900DA944D /* Frameworks */,
				D850BE3D234B47A900DA944D /* Resources */,
			);
			buildRules = (
			);
			dependencies = (
				D850BE41234B47A900DA944D /* PBXTargetDependency */,
			);
			name = HeyaTests;
			productName = HeyaTests;
			productReference = D850BE3F234B47A900DA944D /* HeyaTests.xctest */;
			productType = "com.apple.product-type.bundle.unit-test";
		};
		D850BE49234B47A900DA944D /* HeyaUITests */ = {
			isa = PBXNativeTarget;
			buildConfigurationList = D850BE59234B47A900DA944D /* Build configuration list for PBXNativeTarget "HeyaUITests" */;
			buildPhases = (
				C237E40BC97F7E532F6BE11F /* [CP] Check Pods Manifest.lock */,
				D850BE46234B47A900DA944D /* Sources */,
				D850BE47234B47A900DA944D /* Frameworks */,
				D850BE48234B47A900DA944D /* Resources */,
				61FCFDCE8A8E23FE2F3B9084 /* [CP] Embed Pods Frameworks */,
			);
			buildRules = (
			);
			dependencies = (
				D850BE4C234B47A900DA944D /* PBXTargetDependency */,
			);
			name = HeyaUITests;
			productName = HeyaUITests;
			productReference = D850BE4A234B47A900DA944D /* HeyaUITests.xctest */;
			productType = "com.apple.product-type.bundle.ui-testing";
		};
/* End PBXNativeTarget section */

/* Begin PBXProject section */
		D850BE1C234B47A800DA944D /* Project object */ = {
			isa = PBXProject;
			attributes = {
				LastSwiftUpdateCheck = 1100;
				LastUpgradeCheck = 1100;
				ORGANIZATIONNAME = TrungNV;
				TargetAttributes = {
					D850BE23234B47A800DA944D = {
						CreatedOnToolsVersion = 11.0;
					};
					D850BE3E234B47A900DA944D = {
						CreatedOnToolsVersion = 11.0;
						TestTargetID = D850BE23234B47A800DA944D;
					};
					D850BE49234B47A900DA944D = {
						CreatedOnToolsVersion = 11.0;
						TestTargetID = D850BE23234B47A800DA944D;
					};
				};
			};
			buildConfigurationList = D850BE1F234B47A800DA944D /* Build configuration list for PBXProject "Heya" */;
			compatibilityVersion = "Xcode 9.3";
			developmentRegion = en;
			hasScannedForEncodings = 0;
			knownRegions = (
				en,
				Base,
			);
			mainGroup = D850BE1B234B47A800DA944D;
			productRefGroup = D850BE25234B47A800DA944D /* Products */;
			projectDirPath = "";
			projectRoot = "";
			targets = (
				D850BE23234B47A800DA944D /* Heya */,
				D850BE3E234B47A900DA944D /* HeyaTests */,
				D850BE49234B47A900DA944D /* HeyaUITests */,
			);
		};
/* End PBXProject section */

/* Begin PBXResourcesBuildPhase section */
		D850BE22234B47A800DA944D /* Resources */ = {
			isa = PBXResourcesBuildPhase;
			buildActionMask = 2147483647;
			files = (
				D85A50D82351B5E700612268 /* SignInVC.xib in Resources */,
				D8D9866D2351E24E007EA59A /* 142-loading-animation.json in Resources */,
				D85A50C52350125200612268 /* Images.xcassets in Resources */,
				D85A50DC2351B60200612268 /* SignUpVC.xib in Resources */,
				D85A50CB23501DD600612268 /* UserCollectionViewCell.xib in Resources */,
				D8292402234F417800EFBDC9 /* PostCollectionViewCell.xib in Resources */,
				D8EB84ED23545C7E00332169 /* LandMarkHeader.xib in Resources */,
				D815EC852355D5AE00407968 /* FriendCell.xib in Resources */,
				D855B5B6234C2A7F005A56D4 /* MessageVC.xib in Resources */,
				D850BE39234B47A900DA944D /* LaunchScreen.storyboard in Resources */,
				D815EC802355700900407968 /* AllFriendsVC.xib in Resources */,
				D85A50CF235065AB00612268 /* LandMarkTableViewCell.xib in Resources */,
				D85A50E42351CFD100612268 /* LoadingView.xib in Resources */,
				D8286606235224FF00CBBB85 /* TAlertView.xib in Resources */,
				D85A50D42351B28500612268 /* LoginVC.xib in Resources */,
				D850BE63234B499500DA944D /* HomeVC.xib in Resources */,
				D850BE67234B49A200DA944D /* HistoryVC.xib in Resources */,
				D850BE36234B47A900DA944D /* Assets.xcassets in Resources */,
				D855B5BB234C2A9C005A56D4 /* SettingVC.xib in Resources */,
				D850BE31234B47A800DA944D /* Main.storyboard in Resources */,
				D815EC7B23556FC900407968 /* MessageTabView.xib in Resources */,
				D8D986712351E805007EA59A /* lf30_editor_p7nm7J.json in Resources */,
				D8EB84F4235485A400332169 /* HistoryTableViewCell.xib in Resources */,
				D8D9866F2351E75F007EA59A /* 1301-round-cap-material-loading.json in Resources */,
			);
			runOnlyForDeploymentPostprocessing = 0;
		};
		D850BE3D234B47A900DA944D /* Resources */ = {
			isa = PBXResourcesBuildPhase;
			buildActionMask = 2147483647;
			files = (
			);
			runOnlyForDeploymentPostprocessing = 0;
		};
		D850BE48234B47A900DA944D /* Resources */ = {
			isa = PBXResourcesBuildPhase;
			buildActionMask = 2147483647;
			files = (
			);
			runOnlyForDeploymentPostprocessing = 0;
		};
/* End PBXResourcesBuildPhase section */

/* Begin PBXShellScriptBuildPhase section */
		28F86231D34D1C047D1094FA /* [CP] Check Pods Manifest.lock */ = {
			isa = PBXShellScriptBuildPhase;
			buildActionMask = 2147483647;
			files = (
			);
			inputFileListPaths = (
			);
			inputPaths = (
				"${PODS_PODFILE_DIR_PATH}/Podfile.lock",
				"${PODS_ROOT}/Manifest.lock",
			);
			name = "[CP] Check Pods Manifest.lock";
			outputFileListPaths = (
			);
			outputPaths = (
				"$(DERIVED_FILE_DIR)/Pods-Heya-checkManifestLockResult.txt",
			);
			runOnlyForDeploymentPostprocessing = 0;
			shellPath = /bin/sh;
			shellScript = "diff \"${PODS_PODFILE_DIR_PATH}/Podfile.lock\" \"${PODS_ROOT}/Manifest.lock\" > /dev/null\nif [ $? != 0 ] ; then\n    # print error to STDERR\n    echo \"error: The sandbox is not in sync with the Podfile.lock. Run 'pod install' or update your CocoaPods installation.\" >&2\n    exit 1\nfi\n# This output is used by Xcode 'outputs' to avoid re-running this script phase.\necho \"SUCCESS\" > \"${SCRIPT_OUTPUT_FILE_0}\"\n";
			showEnvVarsInLog = 0;
		};
		61FCFDCE8A8E23FE2F3B9084 /* [CP] Embed Pods Frameworks */ = {
			isa = PBXShellScriptBuildPhase;
			buildActionMask = 2147483647;
			files = (
			);
			inputFileListPaths = (
				"${PODS_ROOT}/Target Support Files/Pods-Heya-HeyaUITests/Pods-Heya-HeyaUITests-frameworks-${CONFIGURATION}-input-files.xcfilelist",
			);
			name = "[CP] Embed Pods Frameworks";
			outputFileListPaths = (
				"${PODS_ROOT}/Target Support Files/Pods-Heya-HeyaUITests/Pods-Heya-HeyaUITests-frameworks-${CONFIGURATION}-output-files.xcfilelist",
			);
			runOnlyForDeploymentPostprocessing = 0;
			shellPath = /bin/sh;
			shellScript = "\"${PODS_ROOT}/Target Support Files/Pods-Heya-HeyaUITests/Pods-Heya-HeyaUITests-frameworks.sh\"\n";
			showEnvVarsInLog = 0;
		};
		959FA94E26331A7C41D8590A /* [CP] Check Pods Manifest.lock */ = {
			isa = PBXShellScriptBuildPhase;
			buildActionMask = 2147483647;
			files = (
			);
			inputFileListPaths = (
			);
			inputPaths = (
				"${PODS_PODFILE_DIR_PATH}/Podfile.lock",
				"${PODS_ROOT}/Manifest.lock",
			);
			name = "[CP] Check Pods Manifest.lock";
			outputFileListPaths = (
			);
			outputPaths = (
				"$(DERIVED_FILE_DIR)/Pods-HeyaTests-checkManifestLockResult.txt",
			);
			runOnlyForDeploymentPostprocessing = 0;
			shellPath = /bin/sh;
			shellScript = "diff \"${PODS_PODFILE_DIR_PATH}/Podfile.lock\" \"${PODS_ROOT}/Manifest.lock\" > /dev/null\nif [ $? != 0 ] ; then\n    # print error to STDERR\n    echo \"error: The sandbox is not in sync with the Podfile.lock. Run 'pod install' or update your CocoaPods installation.\" >&2\n    exit 1\nfi\n# This output is used by Xcode 'outputs' to avoid re-running this script phase.\necho \"SUCCESS\" > \"${SCRIPT_OUTPUT_FILE_0}\"\n";
			showEnvVarsInLog = 0;
		};
		BB63C2C3A160FA1317B2B985 /* [CP] Embed Pods Frameworks */ = {
			isa = PBXShellScriptBuildPhase;
			buildActionMask = 2147483647;
			files = (
			);
			inputFileListPaths = (
				"${PODS_ROOT}/Target Support Files/Pods-Heya/Pods-Heya-frameworks-${CONFIGURATION}-input-files.xcfilelist",
			);
			name = "[CP] Embed Pods Frameworks";
			outputFileListPaths = (
				"${PODS_ROOT}/Target Support Files/Pods-Heya/Pods-Heya-frameworks-${CONFIGURATION}-output-files.xcfilelist",
			);
			runOnlyForDeploymentPostprocessing = 0;
			shellPath = /bin/sh;
			shellScript = "\"${PODS_ROOT}/Target Support Files/Pods-Heya/Pods-Heya-frameworks.sh\"\n";
			showEnvVarsInLog = 0;
		};
		C237E40BC97F7E532F6BE11F /* [CP] Check Pods Manifest.lock */ = {
			isa = PBXShellScriptBuildPhase;
			buildActionMask = 2147483647;
			files = (
			);
			inputFileListPaths = (
			);
			inputPaths = (
				"${PODS_PODFILE_DIR_PATH}/Podfile.lock",
				"${PODS_ROOT}/Manifest.lock",
			);
			name = "[CP] Check Pods Manifest.lock";
			outputFileListPaths = (
			);
			outputPaths = (
				"$(DERIVED_FILE_DIR)/Pods-Heya-HeyaUITests-checkManifestLockResult.txt",
			);
			runOnlyForDeploymentPostprocessing = 0;
			shellPath = /bin/sh;
			shellScript = "diff \"${PODS_PODFILE_DIR_PATH}/Podfile.lock\" \"${PODS_ROOT}/Manifest.lock\" > /dev/null\nif [ $? != 0 ] ; then\n    # print error to STDERR\n    echo \"error: The sandbox is not in sync with the Podfile.lock. Run 'pod install' or update your CocoaPods installation.\" >&2\n    exit 1\nfi\n# This output is used by Xcode 'outputs' to avoid re-running this script phase.\necho \"SUCCESS\" > \"${SCRIPT_OUTPUT_FILE_0}\"\n";
			showEnvVarsInLog = 0;
		};
/* End PBXShellScriptBuildPhase section */

/* Begin PBXSourcesBuildPhase section */
		D850BE20234B47A800DA944D /* Sources */ = {
			isa = PBXSourcesBuildPhase;
			buildActionMask = 2147483647;
			files = (
				D8292406234F462400EFBDC9 /* NumbersConst.swift in Sources */,
				D850BE62234B499500DA944D /* HomeVC.swift in Sources */,
				D85A50D32351B28500612268 /* LoginVC.swift in Sources */,
				D855B5BD234C2D54005A56D4 /* ColorsConst.swift in Sources */,
				D85A50D72351B5E700612268 /* SignInVC.swift in Sources */,
				D85A50E22351CFA400612268 /* LoadingView.swift in Sources */,
				D855B5B5234C2A7F005A56D4 /* MessageVC.swift in Sources */,
				D815EC7A23556FC900407968 /* MessageTabView.swift in Sources */,
				D8EB84F3235485A400332169 /* HistoryTableViewCell.swift in Sources */,
				D850BE34234B47A800DA944D /* Heya.xcdatamodeld in Sources */,
				D815EC7F2355700900407968 /* AllFriendsVC.swift in Sources */,
				D850BE5D234B48C400DA944D /* MainTabbarVC.swift in Sources */,
				D8292401234F417800EFBDC9 /* PostCollectionViewCell.swift in Sources */,
				D8EB84EF2354629E00332169 /* TAlertView.swift in Sources */,
				D8292404234F45D300EFBDC9 /* UIViewExtension.swift in Sources */,
				D855B5C8234C2F9B005A56D4 /* BaseViewController.swift in Sources */,
				D850BE66234B49A200DA944D /* HistoryVC.swift in Sources */,
				D850BE28234B47A800DA944D /* AppDelegate.swift in Sources */,
				D8EB84EB23545C2400332169 /* LandMarkHeader.swift in Sources */,
				D85A50DB2351B60200612268 /* SignUpVC.swift in Sources */,
				D8D986732351E8E8007EA59A /* AppUtils.swift in Sources */,
				D850BE6E234B4B7800DA944D /* BaseTabViewController.swift in Sources */,
				D815EC842355D5AE00407968 /* FriendCell.swift in Sources */,
				D855B5BA234C2A9C005A56D4 /* SettingVC.swift in Sources */,
				D815EC7723555E3100407968 /* HistoryBO.swift in Sources */,
				D85A50CA23501DD600612268 /* UserCollectionViewCell.swift in Sources */,
				D855B5B1234C2923005A56D4 /* TabbarViewcontrollerExtension.swift in Sources */,
				D85A50CE235065AB00612268 /* LandMarkTableViewCell.swift in Sources */,
				D85A50C72350127F00612268 /* PostBO.swift in Sources */,
				D855B5BF234C2D68005A56D4 /* StringsConst.swift in Sources */,
				D850BE2A234B47A800DA944D /* SceneDelegate.swift in Sources */,
				D8D986752351F1F7007EA59A /* StringExtension.swift in Sources */,
				D855B5C1234C2DAE005A56D4 /* VCNameConst.swift in Sources */,
			);
			runOnlyForDeploymentPostprocessing = 0;
		};
		D850BE3B234B47A900DA944D /* Sources */ = {
			isa = PBXSourcesBuildPhase;
			buildActionMask = 2147483647;
			files = (
				D850BE44234B47A900DA944D /* HeyaTests.swift in Sources */,
			);
			runOnlyForDeploymentPostprocessing = 0;
		};
		D850BE46234B47A900DA944D /* Sources */ = {
			isa = PBXSourcesBuildPhase;
			buildActionMask = 2147483647;
			files = (
				D850BE4F234B47A900DA944D /* HeyaUITests.swift in Sources */,
			);
			runOnlyForDeploymentPostprocessing = 0;
		};
/* End PBXSourcesBuildPhase section */

/* Begin PBXTargetDependency section */
		D850BE41234B47A900DA944D /* PBXTargetDependency */ = {
			isa = PBXTargetDependency;
			target = D850BE23234B47A800DA944D /* Heya */;
			targetProxy = D850BE40234B47A900DA944D /* PBXContainerItemProxy */;
		};
		D850BE4C234B47A900DA944D /* PBXTargetDependency */ = {
			isa = PBXTargetDependency;
			target = D850BE23234B47A800DA944D /* Heya */;
			targetProxy = D850BE4B234B47A900DA944D /* PBXContainerItemProxy */;
		};
/* End PBXTargetDependency section */

/* Begin PBXVariantGroup section */
		D850BE2F234B47A800DA944D /* Main.storyboard */ = {
			isa = PBXVariantGroup;
			children = (
				D850BE30234B47A800DA944D /* Base */,
			);
			name = Main.storyboard;
			sourceTree = "<group>";
		};
		D850BE37234B47A900DA944D /* LaunchScreen.storyboard */ = {
			isa = PBXVariantGroup;
			children = (
				D850BE38234B47A900DA944D /* Base */,
			);
			name = LaunchScreen.storyboard;
			sourceTree = "<group>";
		};
/* End PBXVariantGroup section */

/* Begin XCBuildConfiguration section */
		D850BE51234B47A900DA944D /* Debug */ = {
			isa = XCBuildConfiguration;
			buildSettings = {
				ALWAYS_SEARCH_USER_PATHS = NO;
				CLANG_ANALYZER_NONNULL = YES;
				CLANG_ANALYZER_NUMBER_OBJECT_CONVERSION = YES_AGGRESSIVE;
				CLANG_CXX_LANGUAGE_STANDARD = "gnu++14";
				CLANG_CXX_LIBRARY = "libc++";
				CLANG_ENABLE_MODULES = YES;
				CLANG_ENABLE_OBJC_ARC = YES;
				CLANG_ENABLE_OBJC_WEAK = YES;
				CLANG_WARN_BLOCK_CAPTURE_AUTORELEASING = YES;
				CLANG_WARN_BOOL_CONVERSION = YES;
				CLANG_WARN_COMMA = YES;
				CLANG_WARN_CONSTANT_CONVERSION = YES;
				CLANG_WARN_DEPRECATED_OBJC_IMPLEMENTATIONS = YES;
				CLANG_WARN_DIRECT_OBJC_ISA_USAGE = YES_ERROR;
				CLANG_WARN_DOCUMENTATION_COMMENTS = YES;
				CLANG_WARN_EMPTY_BODY = YES;
				CLANG_WARN_ENUM_CONVERSION = YES;
				CLANG_WARN_INFINITE_RECURSION = YES;
				CLANG_WARN_INT_CONVERSION = YES;
				CLANG_WARN_NON_LITERAL_NULL_CONVERSION = YES;
				CLANG_WARN_OBJC_IMPLICIT_RETAIN_SELF = YES;
				CLANG_WARN_OBJC_LITERAL_CONVERSION = YES;
				CLANG_WARN_OBJC_ROOT_CLASS = YES_ERROR;
				CLANG_WARN_RANGE_LOOP_ANALYSIS = YES;
				CLANG_WARN_STRICT_PROTOTYPES = YES;
				CLANG_WARN_SUSPICIOUS_MOVE = YES;
				CLANG_WARN_UNGUARDED_AVAILABILITY = YES_AGGRESSIVE;
				CLANG_WARN_UNREACHABLE_CODE = YES;
				CLANG_WARN__DUPLICATE_METHOD_MATCH = YES;
				COPY_PHASE_STRIP = NO;
				DEBUG_INFORMATION_FORMAT = dwarf;
				ENABLE_STRICT_OBJC_MSGSEND = YES;
				ENABLE_TESTABILITY = YES;
				GCC_C_LANGUAGE_STANDARD = gnu11;
				GCC_DYNAMIC_NO_PIC = NO;
				GCC_NO_COMMON_BLOCKS = YES;
				GCC_OPTIMIZATION_LEVEL = 0;
				GCC_PREPROCESSOR_DEFINITIONS = (
					"DEBUG=1",
					"$(inherited)",
				);
				GCC_WARN_64_TO_32_BIT_CONVERSION = YES;
				GCC_WARN_ABOUT_RETURN_TYPE = YES_ERROR;
				GCC_WARN_UNDECLARED_SELECTOR = YES;
				GCC_WARN_UNINITIALIZED_AUTOS = YES_AGGRESSIVE;
				GCC_WARN_UNUSED_FUNCTION = YES;
				GCC_WARN_UNUSED_VARIABLE = YES;
				IPHONEOS_DEPLOYMENT_TARGET = 13.0;
				MTL_ENABLE_DEBUG_INFO = INCLUDE_SOURCE;
				MTL_FAST_MATH = YES;
				ONLY_ACTIVE_ARCH = YES;
				SDKROOT = iphoneos;
				SWIFT_ACTIVE_COMPILATION_CONDITIONS = DEBUG;
				SWIFT_OPTIMIZATION_LEVEL = "-Onone";
			};
			name = Debug;
		};
		D850BE52234B47A900DA944D /* Release */ = {
			isa = XCBuildConfiguration;
			buildSettings = {
				ALWAYS_SEARCH_USER_PATHS = NO;
				CLANG_ANALYZER_NONNULL = YES;
				CLANG_ANALYZER_NUMBER_OBJECT_CONVERSION = YES_AGGRESSIVE;
				CLANG_CXX_LANGUAGE_STANDARD = "gnu++14";
				CLANG_CXX_LIBRARY = "libc++";
				CLANG_ENABLE_MODULES = YES;
				CLANG_ENABLE_OBJC_ARC = YES;
				CLANG_ENABLE_OBJC_WEAK = YES;
				CLANG_WARN_BLOCK_CAPTURE_AUTORELEASING = YES;
				CLANG_WARN_BOOL_CONVERSION = YES;
				CLANG_WARN_COMMA = YES;
				CLANG_WARN_CONSTANT_CONVERSION = YES;
				CLANG_WARN_DEPRECATED_OBJC_IMPLEMENTATIONS = YES;
				CLANG_WARN_DIRECT_OBJC_ISA_USAGE = YES_ERROR;
				CLANG_WARN_DOCUMENTATION_COMMENTS = YES;
				CLANG_WARN_EMPTY_BODY = YES;
				CLANG_WARN_ENUM_CONVERSION = YES;
				CLANG_WARN_INFINITE_RECURSION = YES;
				CLANG_WARN_INT_CONVERSION = YES;
				CLANG_WARN_NON_LITERAL_NULL_CONVERSION = YES;
				CLANG_WARN_OBJC_IMPLICIT_RETAIN_SELF = YES;
				CLANG_WARN_OBJC_LITERAL_CONVERSION = YES;
				CLANG_WARN_OBJC_ROOT_CLASS = YES_ERROR;
				CLANG_WARN_RANGE_LOOP_ANALYSIS = YES;
				CLANG_WARN_STRICT_PROTOTYPES = YES;
				CLANG_WARN_SUSPICIOUS_MOVE = YES;
				CLANG_WARN_UNGUARDED_AVAILABILITY = YES_AGGRESSIVE;
				CLANG_WARN_UNREACHABLE_CODE = YES;
				CLANG_WARN__DUPLICATE_METHOD_MATCH = YES;
				COPY_PHASE_STRIP = NO;
				DEBUG_INFORMATION_FORMAT = "dwarf-with-dsym";
				ENABLE_NS_ASSERTIONS = NO;
				ENABLE_STRICT_OBJC_MSGSEND = YES;
				GCC_C_LANGUAGE_STANDARD = gnu11;
				GCC_NO_COMMON_BLOCKS = YES;
				GCC_WARN_64_TO_32_BIT_CONVERSION = YES;
				GCC_WARN_ABOUT_RETURN_TYPE = YES_ERROR;
				GCC_WARN_UNDECLARED_SELECTOR = YES;
				GCC_WARN_UNINITIALIZED_AUTOS = YES_AGGRESSIVE;
				GCC_WARN_UNUSED_FUNCTION = YES;
				GCC_WARN_UNUSED_VARIABLE = YES;
				IPHONEOS_DEPLOYMENT_TARGET = 13.0;
				MTL_ENABLE_DEBUG_INFO = NO;
				MTL_FAST_MATH = YES;
				SDKROOT = iphoneos;
				SWIFT_COMPILATION_MODE = wholemodule;
				SWIFT_OPTIMIZATION_LEVEL = "-O";
				VALIDATE_PRODUCT = YES;
			};
			name = Release;
		};
		D850BE54234B47A900DA944D /* Debug */ = {
			isa = XCBuildConfiguration;
			baseConfigurationReference = B267792E7A2D6C195F03D567 /* Pods-Heya.debug.xcconfig */;
			buildSettings = {
				ASSETCATALOG_COMPILER_APPICON_NAME = AppIcon;
				CODE_SIGN_STYLE = Automatic;
				DEVELOPMENT_TEAM = 9M46AU3YMQ;
				INFOPLIST_FILE = Heya/Info.plist;
				LD_RUNPATH_SEARCH_PATHS = (
					"$(inherited)",
					"@executable_path/Frameworks",
				);
				PRODUCT_BUNDLE_IDENTIFIER = "com.ttc-solutions.trungnv.Heya";
				PRODUCT_NAME = "$(TARGET_NAME)";
				SWIFT_VERSION = 4.2;
				TARGETED_DEVICE_FAMILY = "1,2";
			};
			name = Debug;
		};
		D850BE55234B47A900DA944D /* Release */ = {
			isa = XCBuildConfiguration;
			baseConfigurationReference = D2E3F8A38C45A525820355A6 /* Pods-Heya.release.xcconfig */;
			buildSettings = {
				ASSETCATALOG_COMPILER_APPICON_NAME = AppIcon;
				CODE_SIGN_STYLE = Automatic;
				DEVELOPMENT_TEAM = 9M46AU3YMQ;
				INFOPLIST_FILE = Heya/Info.plist;
				LD_RUNPATH_SEARCH_PATHS = (
					"$(inherited)",
					"@executable_path/Frameworks",
				);
				PRODUCT_BUNDLE_IDENTIFIER = "com.ttc-solutions.trungnv.Heya";
				PRODUCT_NAME = "$(TARGET_NAME)";
				SWIFT_VERSION = 4.2;
				TARGETED_DEVICE_FAMILY = "1,2";
			};
			name = Release;
		};
		D850BE57234B47A900DA944D /* Debug */ = {
			isa = XCBuildConfiguration;
			baseConfigurationReference = 6C9E0EDDB333DFCE181B26EE /* Pods-HeyaTests.debug.xcconfig */;
			buildSettings = {
				ALWAYS_EMBED_SWIFT_STANDARD_LIBRARIES = YES;
				BUNDLE_LOADER = "$(TEST_HOST)";
				CODE_SIGN_STYLE = Automatic;
				DEVELOPMENT_TEAM = 9M46AU3YMQ;
				INFOPLIST_FILE = HeyaTests/Info.plist;
				IPHONEOS_DEPLOYMENT_TARGET = 13.0;
				LD_RUNPATH_SEARCH_PATHS = (
					"$(inherited)",
					"@executable_path/Frameworks",
					"@loader_path/Frameworks",
				);
				PRODUCT_BUNDLE_IDENTIFIER = "com.ttc-solutions.trungnv.HeyaTests";
				PRODUCT_NAME = "$(TARGET_NAME)";
				SWIFT_VERSION = 5.0;
				TARGETED_DEVICE_FAMILY = "1,2";
				TEST_HOST = "$(BUILT_PRODUCTS_DIR)/Heya.app/Heya";
			};
			name = Debug;
		};
		D850BE58234B47A900DA944D /* Release */ = {
			isa = XCBuildConfiguration;
			baseConfigurationReference = 0815433847FECBBABFE737FC /* Pods-HeyaTests.release.xcconfig */;
			buildSettings = {
				ALWAYS_EMBED_SWIFT_STANDARD_LIBRARIES = YES;
				BUNDLE_LOADER = "$(TEST_HOST)";
				CODE_SIGN_STYLE = Automatic;
				DEVELOPMENT_TEAM = 9M46AU3YMQ;
				INFOPLIST_FILE = HeyaTests/Info.plist;
				IPHONEOS_DEPLOYMENT_TARGET = 13.0;
				LD_RUNPATH_SEARCH_PATHS = (
					"$(inherited)",
					"@executable_path/Frameworks",
					"@loader_path/Frameworks",
				);
				PRODUCT_BUNDLE_IDENTIFIER = "com.ttc-solutions.trungnv.HeyaTests";
				PRODUCT_NAME = "$(TARGET_NAME)";
				SWIFT_VERSION = 5.0;
				TARGETED_DEVICE_FAMILY = "1,2";
				TEST_HOST = "$(BUILT_PRODUCTS_DIR)/Heya.app/Heya";
			};
			name = Release;
		};
		D850BE5A234B47A900DA944D /* Debug */ = {
			isa = XCBuildConfiguration;
			baseConfigurationReference = 8DC4671CAB4591BB1599F8B3 /* Pods-Heya-HeyaUITests.debug.xcconfig */;
			buildSettings = {
				ALWAYS_EMBED_SWIFT_STANDARD_LIBRARIES = YES;
				CODE_SIGN_STYLE = Automatic;
				DEVELOPMENT_TEAM = 9M46AU3YMQ;
				INFOPLIST_FILE = HeyaUITests/Info.plist;
				LD_RUNPATH_SEARCH_PATHS = (
					"$(inherited)",
					"@executable_path/Frameworks",
					"@loader_path/Frameworks",
				);
				PRODUCT_BUNDLE_IDENTIFIER = "com.ttc-solutions.trungnv.HeyaUITests";
				PRODUCT_NAME = "$(TARGET_NAME)";
				SWIFT_VERSION = 5.0;
				TARGETED_DEVICE_FAMILY = "1,2";
				TEST_TARGET_NAME = Heya;
			};
			name = Debug;
		};
		D850BE5B234B47A900DA944D /* Release */ = {
			isa = XCBuildConfiguration;
			baseConfigurationReference = 79DAD9F0AE6213AC0A6881CB /* Pods-Heya-HeyaUITests.release.xcconfig */;
			buildSettings = {
				ALWAYS_EMBED_SWIFT_STANDARD_LIBRARIES = YES;
				CODE_SIGN_STYLE = Automatic;
				DEVELOPMENT_TEAM = 9M46AU3YMQ;
				INFOPLIST_FILE = HeyaUITests/Info.plist;
				LD_RUNPATH_SEARCH_PATHS = (
					"$(inherited)",
					"@executable_path/Frameworks",
					"@loader_path/Frameworks",
				);
				PRODUCT_BUNDLE_IDENTIFIER = "com.ttc-solutions.trungnv.HeyaUITests";
				PRODUCT_NAME = "$(TARGET_NAME)";
				SWIFT_VERSION = 5.0;
				TARGETED_DEVICE_FAMILY = "1,2";
				TEST_TARGET_NAME = Heya;
			};
			name = Release;
		};
/* End XCBuildConfiguration section */

/* Begin XCConfigurationList section */
		D850BE1F234B47A800DA944D /* Build configuration list for PBXProject "Heya" */ = {
			isa = XCConfigurationList;
			buildConfigurations = (
				D850BE51234B47A900DA944D /* Debug */,
				D850BE52234B47A900DA944D /* Release */,
			);
			defaultConfigurationIsVisible = 0;
			defaultConfigurationName = Release;
		};
		D850BE53234B47A900DA944D /* Build configuration list for PBXNativeTarget "Heya" */ = {
			isa = XCConfigurationList;
			buildConfigurations = (
				D850BE54234B47A900DA944D /* Debug */,
				D850BE55234B47A900DA944D /* Release */,
			);
			defaultConfigurationIsVisible = 0;
			defaultConfigurationName = Release;
		};
		D850BE56234B47A900DA944D /* Build configuration list for PBXNativeTarget "HeyaTests" */ = {
			isa = XCConfigurationList;
			buildConfigurations = (
				D850BE57234B47A900DA944D /* Debug */,
				D850BE58234B47A900DA944D /* Release */,
			);
			defaultConfigurationIsVisible = 0;
			defaultConfigurationName = Release;
		};
		D850BE59234B47A900DA944D /* Build configuration list for PBXNativeTarget "HeyaUITests" */ = {
			isa = XCConfigurationList;
			buildConfigurations = (
				D850BE5A234B47A900DA944D /* Debug */,
				D850BE5B234B47A900DA944D /* Release */,
			);
			defaultConfigurationIsVisible = 0;
			defaultConfigurationName = Release;
		};
/* End XCConfigurationList section */

/* Begin XCVersionGroup section */
		D850BE32234B47A800DA944D /* Heya.xcdatamodeld */ = {
			isa = XCVersionGroup;
			children = (
				D850BE33234B47A800DA944D /* Heya.xcdatamodel */,
			);
			currentVersion = D850BE33234B47A800DA944D /* Heya.xcdatamodel */;
			path = Heya.xcdatamodeld;
			sourceTree = "<group>";
			versionGroupType = wrapper.xcdatamodel;
		};
/* End XCVersionGroup section */
	};
	rootObject = D850BE1C234B47A800DA944D /* Project object */;
}
